// !$*UTF8*$!
{
	archiveVersion = 1;
	classes = {
	};
	objectVersion = 56;
	objects = {

/* Begin PBXBuildFile section */
		75F57A382C9A51ED00A2DA99 /* AppDelegate.swift in Sources */ = {isa = PBXBuildFile; fileRef = 75F57A372C9A51ED00A2DA99 /* AppDelegate.swift */; };
		75F57A3A2C9A51ED00A2DA99 /* SceneDelegate.swift in Sources */ = {isa = PBXBuildFile; fileRef = 75F57A392C9A51ED00A2DA99 /* SceneDelegate.swift */; };
		75F57A3C2C9A51ED00A2DA99 /* HomeViewController.swift in Sources */ = {isa = PBXBuildFile; fileRef = 75F57A3B2C9A51ED00A2DA99 /* HomeViewController.swift */; };
		75F57A412C9A51EF00A2DA99 /* Assets.xcassets in Resources */ = {isa = PBXBuildFile; fileRef = 75F57A402C9A51EF00A2DA99 /* Assets.xcassets */; };
		75F57A442C9A51EF00A2DA99 /* Base in Resources */ = {isa = PBXBuildFile; fileRef = 75F57A432C9A51EF00A2DA99 /* Base */; };
		75F57A4E2C9A5AF600A2DA99 /* MapViewController.swift in Sources */ = {isa = PBXBuildFile; fileRef = 75F57A4D2C9A5AF600A2DA99 /* MapViewController.swift */; };
		75F57A592CA243EA00A2DA99 /* SearchViewController.swift in Sources */ = {isa = PBXBuildFile; fileRef = 75F57A562CA243EA00A2DA99 /* SearchViewController.swift */; };
		75F57A5A2CA243EA00A2DA99 /* SearchViewModel.swift in Sources */ = {isa = PBXBuildFile; fileRef = 75F57A572CA243EA00A2DA99 /* SearchViewModel.swift */; };
		75F57A5D2CA3921F00A2DA99 /* CityTableViewCell.swift in Sources */ = {isa = PBXBuildFile; fileRef = 75F57A5C2CA3921F00A2DA99 /* CityTableViewCell.swift */; };
/* End PBXBuildFile section */

/* Begin PBXFileReference section */
		75F57A342C9A51ED00A2DA99 /* Weather_PSAV.app */ = {isa = PBXFileReference; explicitFileType = wrapper.application; includeInIndex = 0; path = Weather_PSAV.app; sourceTree = BUILT_PRODUCTS_DIR; };
		75F57A372C9A51ED00A2DA99 /* AppDelegate.swift */ = {isa = PBXFileReference; lastKnownFileType = sourcecode.swift; path = AppDelegate.swift; sourceTree = "<group>"; };
		75F57A392C9A51ED00A2DA99 /* SceneDelegate.swift */ = {isa = PBXFileReference; lastKnownFileType = sourcecode.swift; path = SceneDelegate.swift; sourceTree = "<group>"; };
		75F57A3B2C9A51ED00A2DA99 /* HomeViewController.swift */ = {isa = PBXFileReference; lastKnownFileType = sourcecode.swift; path = HomeViewController.swift; sourceTree = "<group>"; };
		75F57A402C9A51EF00A2DA99 /* Assets.xcassets */ = {isa = PBXFileReference; lastKnownFileType = folder.assetcatalog; path = Assets.xcassets; sourceTree = "<group>"; };
		75F57A432C9A51EF00A2DA99 /* Base */ = {isa = PBXFileReference; lastKnownFileType = file.storyboard; name = Base; path = Base.lproj/LaunchScreen.storyboard; sourceTree = "<group>"; };
		75F57A452C9A51EF00A2DA99 /* Info.plist */ = {isa = PBXFileReference; lastKnownFileType = text.plist.xml; path = Info.plist; sourceTree = "<group>"; };
		75F57A4D2C9A5AF600A2DA99 /* MapViewController.swift */ = {isa = PBXFileReference; lastKnownFileType = sourcecode.swift; path = MapViewController.swift; sourceTree = "<group>"; };
		75F57A562CA243EA00A2DA99 /* SearchViewController.swift */ = {isa = PBXFileReference; fileEncoding = 4; lastKnownFileType = sourcecode.swift; path = SearchViewController.swift; sourceTree = "<group>"; };
		75F57A572CA243EA00A2DA99 /* SearchViewModel.swift */ = {isa = PBXFileReference; fileEncoding = 4; lastKnownFileType = sourcecode.swift; path = SearchViewModel.swift; sourceTree = "<group>"; };
		75F57A5C2CA3921F00A2DA99 /* CityTableViewCell.swift */ = {isa = PBXFileReference; lastKnownFileType = sourcecode.swift; path = CityTableViewCell.swift; sourceTree = "<group>"; };
/* End PBXFileReference section */

/* Begin PBXFrameworksBuildPhase section */
		75F57A312C9A51ED00A2DA99 /* Frameworks */ = {
			isa = PBXFrameworksBuildPhase;
			buildActionMask = 2147483647;
			files = (
			);
			runOnlyForDeploymentPostprocessing = 0;
		};
/* End PBXFrameworksBuildPhase section */

/* Begin PBXGroup section */
		75F57A2B2C9A51ED00A2DA99 = {
			isa = PBXGroup;
			children = (
				75F57A362C9A51ED00A2DA99 /* Weather_PSAV */,
				75F57A352C9A51ED00A2DA99 /* Products */,
			);
			sourceTree = "<group>";
		};
		75F57A352C9A51ED00A2DA99 /* Products */ = {
			isa = PBXGroup;
			children = (
				75F57A342C9A51ED00A2DA99 /* Weather_PSAV.app */,
			);
			name = Products;
			sourceTree = "<group>";
		};
		75F57A362C9A51ED00A2DA99 /* Weather_PSAV */ = {
			isa = PBXGroup;
			children = (
				75F57A5B2CA391C700A2DA99 /* TableViewCells */,
				75F57A582CA243EA00A2DA99 /* Search */,
				75F57A372C9A51ED00A2DA99 /* AppDelegate.swift */,
				75F57A392C9A51ED00A2DA99 /* SceneDelegate.swift */,
				75F57A3B2C9A51ED00A2DA99 /* HomeViewController.swift */,
				75F57A4D2C9A5AF600A2DA99 /* MapViewController.swift */,
				75F57A402C9A51EF00A2DA99 /* Assets.xcassets */,
				75F57A422C9A51EF00A2DA99 /* LaunchScreen.storyboard */,
				75F57A452C9A51EF00A2DA99 /* Info.plist */,
			);
			path = Weather_PSAV;
			sourceTree = "<group>";
		};
		75F57A582CA243EA00A2DA99 /* Search */ = {
			isa = PBXGroup;
			children = (
				75F57A562CA243EA00A2DA99 /* SearchViewController.swift */,
				75F57A572CA243EA00A2DA99 /* SearchViewModel.swift */,
			);
			path = Search;
			sourceTree = "<group>";
		};
		75F57A5B2CA391C700A2DA99 /* TableViewCells */ = {
			isa = PBXGroup;
			children = (
				75F57A5C2CA3921F00A2DA99 /* CityTableViewCell.swift */,
			);
			path = TableViewCells;
			sourceTree = "<group>";
		};
/* End PBXGroup section */

/* Begin PBXNativeTarget section */
		75F57A332C9A51ED00A2DA99 /* Weather_PSAV */ = {
			isa = PBXNativeTarget;
			buildConfigurationList = 75F57A482C9A51EF00A2DA99 /* Build configuration list for PBXNativeTarget "Weather_PSAV" */;
			buildPhases = (
				75F57A302C9A51ED00A2DA99 /* Sources */,
				75F57A312C9A51ED00A2DA99 /* Frameworks */,
				75F57A322C9A51ED00A2DA99 /* Resources */,
			);
			buildRules = (
			);
			dependencies = (
			);
			name = Weather_PSAV;
			productName = Weather_PSAV;
			productReference = 75F57A342C9A51ED00A2DA99 /* Weather_PSAV.app */;
			productType = "com.apple.product-type.application";
		};
/* End PBXNativeTarget section */

/* Begin PBXProject section */
		75F57A2C2C9A51ED00A2DA99 /* Project object */ = {
			isa = PBXProject;
			attributes = {
				BuildIndependentTargetsInParallel = 1;
				LastSwiftUpdateCheck = 1540;
				LastUpgradeCheck = 1540;
				TargetAttributes = {
					75F57A332C9A51ED00A2DA99 = {
						CreatedOnToolsVersion = 15.4;
					};
				};
			};
			buildConfigurationList = 75F57A2F2C9A51ED00A2DA99 /* Build configuration list for PBXProject "Weather_PSAV" */;
			compatibilityVersion = "Xcode 14.0";
			developmentRegion = en;
			hasScannedForEncodings = 0;
			knownRegions = (
				en,
				Base,
			);
			mainGroup = 75F57A2B2C9A51ED00A2DA99;
			productRefGroup = 75F57A352C9A51ED00A2DA99 /* Products */;
			projectDirPath = "";
			projectRoot = "";
			targets = (
				75F57A332C9A51ED00A2DA99 /* Weather_PSAV */,
			);
		};
/* End PBXProject section */

/* Begin PBXResourcesBuildPhase section */
		75F57A322C9A51ED00A2DA99 /* Resources */ = {
			isa = PBXResourcesBuildPhase;
			buildActionMask = 2147483647;
			files = (
				75F57A412C9A51EF00A2DA99 /* Assets.xcassets in Resources */,
				75F57A442C9A51EF00A2DA99 /* Base in Resources */,
			);
			runOnlyForDeploymentPostprocessing = 0;
		};
/* End PBXResourcesBuildPhase section */

/* Begin PBXSourcesBuildPhase section */
		75F57A302C9A51ED00A2DA99 /* Sources */ = {
			isa = PBXSourcesBuildPhase;
			buildActionMask = 2147483647;
			files = (
				75F57A592CA243EA00A2DA99 /* SearchViewController.swift in Sources */,
				75F57A5D2CA3921F00A2DA99 /* CityTableViewCell.swift in Sources */,
				75F57A5A2CA243EA00A2DA99 /* SearchViewModel.swift in Sources */,
				75F57A3C2C9A51ED00A2DA99 /* HomeViewController.swift in Sources */,
				75F57A382C9A51ED00A2DA99 /* AppDelegate.swift in Sources */,
				75F57A4E2C9A5AF600A2DA99 /* MapViewController.swift in Sources */,
				75F57A3A2C9A51ED00A2DA99 /* SceneDelegate.swift in Sources */,
			);
			runOnlyForDeploymentPostprocessing = 0;
		};
/* End PBXSourcesBuildPhase section */

/* Begin PBXVariantGroup section */
		75F57A422C9A51EF00A2DA99 /* LaunchScreen.storyboard */ = {
			isa = PBXVariantGroup;
			children = (
				75F57A432C9A51EF00A2DA99 /* Base */,
			);
			name = LaunchScreen.storyboard;
			sourceTree = "<group>";
		};
/* End PBXVariantGroup section */

/* Begin XCBuildConfiguration section */
		75F57A462C9A51EF00A2DA99 /* Debug */ = {
			isa = XCBuildConfiguration;
			buildSettings = {
				ALWAYS_SEARCH_USER_PATHS = NO;
				ASSETCATALOG_COMPILER_GENERATE_SWIFT_ASSET_SYMBOL_EXTENSIONS = YES;
				CLANG_ANALYZER_NONNULL = YES;
				CLANG_ANALYZER_NUMBER_OBJECT_CONVERSION = YES_AGGRESSIVE;
				CLANG_CXX_LANGUAGE_STANDARD = "gnu++20";
				CLANG_ENABLE_MODULES = YES;
				CLANG_ENABLE_OBJC_ARC = YES;
				CLANG_ENABLE_OBJC_WEAK = YES;
				CLANG_WARN_BLOCK_CAPTURE_AUTORELEASING = YES;
				CLANG_WARN_BOOL_CONVERSION = YES;
				CLANG_WARN_COMMA = YES;
				CLANG_WARN_CONSTANT_CONVERSION = YES;
				CLANG_WARN_DEPRECATED_OBJC_IMPLEMENTATIONS = YES;
				CLANG_WARN_DIRECT_OBJC_ISA_USAGE = YES_ERROR;
				CLANG_WARN_DOCUMENTATION_COMMENTS = YES;
				CLANG_WARN_EMPTY_BODY = YES;
				CLANG_WARN_ENUM_CONVERSION = YES;
				CLANG_WARN_INFINITE_RECURSION = YES;
				CLANG_WARN_INT_CONVERSION = YES;
				CLANG_WARN_NON_LITERAL_NULL_CONVERSION = YES;
				CLANG_WARN_OBJC_IMPLICIT_RETAIN_SELF = YES;
				CLANG_WARN_OBJC_LITERAL_CONVERSION = YES;
				CLANG_WARN_OBJC_ROOT_CLASS = YES_ERROR;
				CLANG_WARN_QUOTED_INCLUDE_IN_FRAMEWORK_HEADER = YES;
				CLANG_WARN_RANGE_LOOP_ANALYSIS = YES;
				CLANG_WARN_STRICT_PROTOTYPES = YES;
				CLANG_WARN_SUSPICIOUS_MOVE = YES;
				CLANG_WARN_UNGUARDED_AVAILABILITY = YES_AGGRESSIVE;
				CLANG_WARN_UNREACHABLE_CODE = YES;
				CLANG_WARN__DUPLICATE_METHOD_MATCH = YES;
				COPY_PHASE_STRIP = NO;
				DEBUG_INFORMATION_FORMAT = dwarf;
				ENABLE_STRICT_OBJC_MSGSEND = YES;
				ENABLE_TESTABILITY = YES;
				ENABLE_USER_SCRIPT_SANDBOXING = YES;
				GCC_C_LANGUAGE_STANDARD = gnu17;
				GCC_DYNAMIC_NO_PIC = NO;
				GCC_NO_COMMON_BLOCKS = YES;
				GCC_OPTIMIZATION_LEVEL = 0;
				GCC_PREPROCESSOR_DEFINITIONS = (
					"DEBUG=1",
					"$(inherited)",
				);
				GCC_WARN_64_TO_32_BIT_CONVERSION = YES;
				GCC_WARN_ABOUT_RETURN_TYPE = YES_ERROR;
				GCC_WARN_UNDECLARED_SELECTOR = YES;
				GCC_WARN_UNINITIALIZED_AUTOS = YES_AGGRESSIVE;
				GCC_WARN_UNUSED_FUNCTION = YES;
				GCC_WARN_UNUSED_VARIABLE = YES;
				IPHONEOS_DEPLOYMENT_TARGET = 17.5;
				LOCALIZATION_PREFERS_STRING_CATALOGS = YES;
				MTL_ENABLE_DEBUG_INFO = INCLUDE_SOURCE;
				MTL_FAST_MATH = YES;
				ONLY_ACTIVE_ARCH = YES;
				SDKROOT = iphoneos;
				SWIFT_ACTIVE_COMPILATION_CONDITIONS = "DEBUG $(inherited)";
				SWIFT_OPTIMIZATION_LEVEL = "-Onone";
			};
			name = Debug;
		};
		75F57A472C9A51EF00A2DA99 /* Release */ = {
			isa = XCBuildConfiguration;
			buildSettings = {
				ALWAYS_SEARCH_USER_PATHS = NO;
				ASSETCATALOG_COMPILER_GENERATE_SWIFT_ASSET_SYMBOL_EXTENSIONS = YES;
				CLANG_ANALYZER_NONNULL = YES;
				CLANG_ANALYZER_NUMBER_OBJECT_CONVERSION = YES_AGGRESSIVE;
				CLANG_CXX_LANGUAGE_STANDARD = "gnu++20";
				CLANG_ENABLE_MODULES = YES;
				CLANG_ENABLE_OBJC_ARC = YES;
				CLANG_ENABLE_OBJC_WEAK = YES;
				CLANG_WARN_BLOCK_CAPTURE_AUTORELEASING = YES;
				CLANG_WARN_BOOL_CONVERSION = YES;
				CLANG_WARN_COMMA = YES;
				CLANG_WARN_CONSTANT_CONVERSION = YES;
				CLANG_WARN_DEPRECATED_OBJC_IMPLEMENTATIONS = YES;
				CLANG_WARN_DIRECT_OBJC_ISA_USAGE = YES_ERROR;
				CLANG_WARN_DOCUMENTATION_COMMENTS = YES;
				CLANG_WARN_EMPTY_BODY = YES;
				CLANG_WARN_ENUM_CONVERSION = YES;
				CLANG_WARN_INFINITE_RECURSION = YES;
				CLANG_WARN_INT_CONVERSION = YES;
				CLANG_WARN_NON_LITERAL_NULL_CONVERSION = YES;
				CLANG_WARN_OBJC_IMPLICIT_RETAIN_SELF = YES;
				CLANG_WARN_OBJC_LITERAL_CONVERSION = YES;
				CLANG_WARN_OBJC_ROOT_CLASS = YES_ERROR;
				CLANG_WARN_QUOTED_INCLUDE_IN_FRAMEWORK_HEADER = YES;
				CLANG_WARN_RANGE_LOOP_ANALYSIS = YES;
				CLANG_WARN_STRICT_PROTOTYPES = YES;
				CLANG_WARN_SUSPICIOUS_MOVE = YES;
				CLANG_WARN_UNGUARDED_AVAILABILITY = YES_AGGRESSIVE;
				CLANG_WARN_UNREACHABLE_CODE = YES;
				CLANG_WARN__DUPLICATE_METHOD_MATCH = YES;
				COPY_PHASE_STRIP = NO;
				DEBUG_INFORMATION_FORMAT = "dwarf-with-dsym";
				ENABLE_NS_ASSERTIONS = NO;
				ENABLE_STRICT_OBJC_MSGSEND = YES;
				ENABLE_USER_SCRIPT_SANDBOXING = YES;
				GCC_C_LANGUAGE_STANDARD = gnu17;
				GCC_NO_COMMON_BLOCKS = YES;
				GCC_WARN_64_TO_32_BIT_CONVERSION = YES;
				GCC_WARN_ABOUT_RETURN_TYPE = YES_ERROR;
				GCC_WARN_UNDECLARED_SELECTOR = YES;
				GCC_WARN_UNINITIALIZED_AUTOS = YES_AGGRESSIVE;
				GCC_WARN_UNUSED_FUNCTION = YES;
				GCC_WARN_UNUSED_VARIABLE = YES;
				IPHONEOS_DEPLOYMENT_TARGET = 17.5;
				LOCALIZATION_PREFERS_STRING_CATALOGS = YES;
				MTL_ENABLE_DEBUG_INFO = NO;
				MTL_FAST_MATH = YES;
				SDKROOT = iphoneos;
				SWIFT_COMPILATION_MODE = wholemodule;
				VALIDATE_PRODUCT = YES;
			};
			name = Release;
		};
		75F57A492C9A51EF00A2DA99 /* Debug */ = {
			isa = XCBuildConfiguration;
			buildSettings = {
				ASSETCATALOG_COMPILER_APPICON_NAME = AppIcon;
				ASSETCATALOG_COMPILER_GLOBAL_ACCENT_COLOR_NAME = AccentColor;
				CODE_SIGN_STYLE = Automatic;
				CURRENT_PROJECT_VERSION = 1;
				DEVELOPMENT_TEAM = KNX9W8B47H;
				GENERATE_INFOPLIST_FILE = YES;
				INFOPLIST_FILE = Weather_PSAV/Info.plist;
				INFOPLIST_KEY_UIApplicationSupportsIndirectInputEvents = YES;
				INFOPLIST_KEY_UILaunchStoryboardName = LaunchScreen;
				INFOPLIST_KEY_UIMainStoryboardFile = "";
				"INFOPLIST_KEY_UIMainStoryboardFile[sdk=*]" = "";
				INFOPLIST_KEY_UISupportedInterfaceOrientations_iPad = "UIInterfaceOrientationPortrait UIInterfaceOrientationPortraitUpsideDown UIInterfaceOrientationLandscapeLeft UIInterfaceOrientationLandscapeRight";
				INFOPLIST_KEY_UISupportedInterfaceOrientations_iPhone = "UIInterfaceOrientationPortrait UIInterfaceOrientationLandscapeLeft UIInterfaceOrientationLandscapeRight";
				LD_RUNPATH_SEARCH_PATHS = (
					"$(inherited)",
					"@executable_path/Frameworks",
				);
				MARKETING_VERSION = 1.0;
				PRODUCT_BUNDLE_IDENTIFIER = "KAY-NYC-INC.Weather-PSAV";
				PRODUCT_NAME = "$(TARGET_NAME)";
				SWIFT_EMIT_LOC_STRINGS = YES;
				SWIFT_VERSION = 5.0;
				TARGETED_DEVICE_FAMILY = "1,2";
			};
			name = Debug;
		};
		75F57A4A2C9A51EF00A2DA99 /* Release */ = {
			isa = XCBuildConfiguration;
			buildSettings = {
				ASSETCATALOG_COMPILER_APPICON_NAME = AppIcon;
				ASSETCATALOG_COMPILER_GLOBAL_ACCENT_COLOR_NAME = AccentColor;
				CODE_SIGN_STYLE = Automatic;
				CURRENT_PROJECT_VERSION = 1;
				DEVELOPMENT_TEAM = KNX9W8B47H;
				GENERATE_INFOPLIST_FILE = YES;
				INFOPLIST_FILE = Weather_PSAV/Info.plist;
				INFOPLIST_KEY_UIApplicationSupportsIndirectInputEvents = YES;
				INFOPLIST_KEY_UILaunchStoryboardName = LaunchScreen;
				INFOPLIST_KEY_UIMainStoryboardFile = "";
				"INFOPLIST_KEY_UIMainStoryboardFile[sdk=*]" = "";
				INFOPLIST_KEY_UISupportedInterfaceOrientations_iPad = "UIInterfaceOrientationPortrait UIInterfaceOrientationPortraitUpsideDown UIInterfaceOrientationLandscapeLeft UIInterfaceOrientationLandscapeRight";
				INFOPLIST_KEY_UISupportedInterfaceOrientations_iPhone = "UIInterfaceOrientationPortrait UIInterfaceOrientationLandscapeLeft UIInterfaceOrientationLandscapeRight";
				LD_RUNPATH_SEARCH_PATHS = (
					"$(inherited)",
					"@executable_path/Frameworks",
				);
				MARKETING_VERSION = 1.0;
				PRODUCT_BUNDLE_IDENTIFIER = "KAY-NYC-INC.Weather-PSAV";
				PRODUCT_NAME = "$(TARGET_NAME)";
				SWIFT_EMIT_LOC_STRINGS = YES;
				SWIFT_VERSION = 5.0;
				TARGETED_DEVICE_FAMILY = "1,2";
			};
			name = Release;
		};
/* End XCBuildConfiguration section */

/* Begin XCConfigurationList section */
		75F57A2F2C9A51ED00A2DA99 /* Build configuration list for PBXProject "Weather_PSAV" */ = {
			isa = XCConfigurationList;
			buildConfigurations = (
				75F57A462C9A51EF00A2DA99 /* Debug */,
				75F57A472C9A51EF00A2DA99 /* Release */,
			);
			defaultConfigurationIsVisible = 0;
			defaultConfigurationName = Release;
		};
		75F57A482C9A51EF00A2DA99 /* Build configuration list for PBXNativeTarget "Weather_PSAV" */ = {
			isa = XCConfigurationList;
			buildConfigurations = (
				75F57A492C9A51EF00A2DA99 /* Debug */,
				75F57A4A2C9A51EF00A2DA99 /* Release */,
			);
			defaultConfigurationIsVisible = 0;
			defaultConfigurationName = Release;
		};
/* End XCConfigurationList section */
	};
	rootObject = 75F57A2C2C9A51ED00A2DA99 /* Project object */;
}
